
Microsoft Visual Studio Solution File, Format Version 12.00
# Visual Studio 15
VisualStudioVersion = 15.0.27004.2006
MinimumVisualStudioVersion = 10.0.40219.1
Project("{FAE04EC0-301F-11D3-BF4B-00C04F79EFBC}") = "HtmlAndCss", "HtmlAndCss\HtmlAndCss.csproj", "{3A0FC759-482E-4157-952C-D1BE89B366EA}"
EndProject
Global
	GlobalSection(SolutionConfigurationPlatforms) = preSolution
		Debug|Any CPU = Debug|Any CPU
		Release|Any CPU = Release|Any CPU
	EndGlobalSection
	GlobalSection(ProjectConfigurationPlatforms) = postSolution
		{3A0FC759-482E-4157-952C-D1BE89B366EA}.Debug|Any CPU.ActiveCfg = Debug|Any CPU
		{3A0FC759-482E-4157-952C-D1BE89B366EA}.Debug|Any CPU.Build.0 = Debug|Any CPU
		{3A0FC759-482E-4157-952C-D1BE89B366EA}.Release|Any CPU.ActiveCfg = Release|Any CPU
		{3A0FC759-482E-4157-952C-D1BE89B366EA}.Release|Any CPU.Build.0 = Release|Any CPU
	EndGlobalSection
	GlobalSection(SolutionProperties) = preSolution
		HideSolutionNode = FALSE
	EndGlobalSection
	GlobalSection(ExtensibilityGlobals) = postSolution
		SolutionGuid = {B7AB5D7A-8814-47E4-97C0-27178266AF5A}
	EndGlobalSection
EndGlobal
